
Microsoft Visual Studio Solution File, Format Version 12.00
# Visual Studio Version 17
VisualStudioVersion = 17.6.33617.297
MinimumVisualStudioVersion = 10.0.40219.1
Project("{FAE04EC0-301F-11D3-BF4B-00C04F79EFBC}") = "RptToXml", "RptToXml.csproj", "{754ED024-8D96-4EB9-8318-A05500D3AE67}"
EndProject
Project("{2150E333-8FDC-42A3-9474-1A3956D46DE8}") = "Solution Items", "Solution Items", "{C9043C9C-9AB9-418C-B31E-7624C3D13542}"
	ProjectSection(SolutionItems) = preProject
		..\.gitignore = ..\.gitignore
		..\LICENSE = ..\LICENSE
		..\README.md = ..\README.md
		RptToXml.sln.DotSettings = RptToXml.sln.DotSettings
	EndProjectSection
EndProject
Project("{2150E333-8FDC-42A3-9474-1A3956D46DE8}") = "Samples", "Samples", "{10EE5B4B-F248-4AF1-BEA4-16602D378EE2}"
EndProject
Global
	GlobalSection(SolutionConfigurationPlatforms) = preSolution
		Debug|x86 = Debug|x86
		Release|x86 = Release|x86
	EndGlobalSection
	GlobalSection(ProjectConfigurationPlatforms) = postSolution
		{754ED024-8D96-4EB9-8318-A05500D3AE67}.Debug|x86.ActiveCfg = Debug|x86
		{754ED024-8D96-4EB9-8318-A05500D3AE67}.Debug|x86.Build.0 = Debug|x86
		{754ED024-8D96-4EB9-8318-A05500D3AE67}.Release|x86.ActiveCfg = Release|x86
		{754ED024-8D96-4EB9-8318-A05500D3AE67}.Release|x86.Build.0 = Release|x86
	EndGlobalSection
	GlobalSection(SolutionProperties) = preSolution
		HideSolutionNode = FALSE
	EndGlobalSection
	GlobalSection(ExtensibilityGlobals) = postSolution
		SolutionGuid = {84C63443-5902-48AE-A842-A1A61331CC1B}
	EndGlobalSection
EndGlobal
